
Microsoft Visual Studio Solution File, Format Version 12.00
# Visual Studio Version 17
VisualStudioVersion = 17.8.34322.80
MinimumVisualStudioVersion = 10.0.40219.1
Project("{FAE04EC0-301F-11D3-BF4B-00C04F79EFBC}") = "electrostore", "electrostore.csproj", "{6CCFC55A-76B9-4F75-BEBB-3760BE6DD646}"
EndProject
Global
	GlobalSection(SolutionConfigurationPlatforms) = preSolution
		Debug|Any CPU = Debug|Any CPU
		Release|Any CPU = Release|Any CPU
	EndGlobalSection
	GlobalSection(ProjectConfigurationPlatforms) = postSolution
		{6CCFC55A-76B9-4F75-BEBB-3760BE6DD646}.Debug|Any CPU.ActiveCfg = Debug|Any CPU
		{6CCFC55A-76B9-4F75-BEBB-3760BE6DD646}.Debug|Any CPU.Build.0 = Debug|Any CPU
		{6CCFC55A-76B9-4F75-BEBB-3760BE6DD646}.Release|Any CPU.ActiveCfg = Release|Any CPU
		{6CCFC55A-76B9-4F75-BEBB-3760BE6DD646}.Release|Any CPU.Build.0 = Release|Any CPU
	EndGlobalSection
	GlobalSection(SolutionProperties) = preSolution
		HideSolutionNode = FALSE
	EndGlobalSection
	GlobalSection(ExtensibilityGlobals) = postSolution
		SolutionGuid = {3812599D-63D0-486E-BB8A-8FB429188440}
	EndGlobalSection
EndGlobal
